# This file is automatically @generated by Cargo.
# It is not intended for manual editing.
version = 4

[[package]]
name = "h2-fill-gov"
version = "0.1.0"
dependencies = [
 "qceom-core",
]

[[package]]
name = "qceom-core"
version = "0.1.0"
source = "git+ssh://git@github.com/LUXERON/QCEOM-RL-CORE-KERNEL.git#f47a9ff6a97bb585cfac58374fc89193f0389c33"
dependencies = [
 "qceom-debruijn",
 "qceom-governance",
 "qceom-laplacian",
 "qceom-pme",
 "qceom-quantum",
]

[[package]]
name = "qceom-debruijn"
version = "0.1.0"
source = "git+ssh://git@github.com/LUXERON/QCEOM-RL-CORE-KERNEL.git#f47a9ff6a97bb585cfac58374fc89193f0389c33"

[[package]]
name = "qceom-governance"
version = "0.1.0"
source = "git+ssh://git@github.com/LUXERON/QCEOM-RL-CORE-KERNEL.git#f47a9ff6a97bb585cfac58374fc89193f0389c33"

[[package]]
name = "qceom-laplacian"
version = "0.1.0"
source = "git+ssh://git@github.com/LUXERON/QCEOM-RL-CORE-KERNEL.git#f47a9ff6a97bb585cfac58374fc89193f0389c33"

[[package]]
name = "qceom-pme"
version = "0.1.0"
source = "git+ssh://git@github.com/LUXERON/QCEOM-RL-CORE-KERNEL.git#f47a9ff6a97bb585cfac58374fc89193f0389c33"

[[package]]
name = "qceom-quantum"
version = "0.1.0"
source = "git+ssh://git@github.com/LUXERON/QCEOM-RL-CORE-KERNEL.git#f47a9ff6a97bb585cfac58374fc89193f0389c33"
